
Microsoft Visual Studio Solution File, Format Version 12.00
# Visual Studio 15
VisualStudioVersion = 15.0.28010.2050
MinimumVisualStudioVersion = 10.0.40219.1
Project("{9A19103F-16F7-4668-BE54-9A1E7A4F7556}") = "BunqSdk.Tests", "BunqSdk.Tests\BunqSdk.Tests.csproj", "{93E5887C-49FF-4D00-AD2E-660365B78E6F}"
EndProject
Project("{FAE04EC0-301F-11D3-BF4B-00C04F79EFBC}") = "BunqSdk461", "BunqSdk\BunqSdk461.csproj", "{7F9AAA36-0B0F-442C-A1F0-5A1B50FC0FD4}"
EndProject
Project("{FAE04EC0-301F-11D3-BF4B-00C04F79EFBC}") = "TestApplication", "TestApplication\TestApplication.csproj", "{6F70ADB0-A232-4F8E-A460-990CA7BAF5F5}"
EndProject
Global
	GlobalSection(SolutionConfigurationPlatforms) = preSolution
		Debug|Any CPU = Debug|Any CPU
		Release|Any CPU = Release|Any CPU
	EndGlobalSection
	GlobalSection(ProjectConfigurationPlatforms) = postSolution
		{93E5887C-49FF-4D00-AD2E-660365B78E6F}.Debug|Any CPU.ActiveCfg = Debug|Any CPU
		{93E5887C-49FF-4D00-AD2E-660365B78E6F}.Release|Any CPU.ActiveCfg = Release|Any CPU
		{93E5887C-49FF-4D00-AD2E-660365B78E6F}.Release|Any CPU.Build.0 = Release|Any CPU
		{7F9AAA36-0B0F-442C-A1F0-5A1B50FC0FD4}.Debug|Any CPU.ActiveCfg = Debug|Any CPU
		{7F9AAA36-0B0F-442C-A1F0-5A1B50FC0FD4}.Debug|Any CPU.Build.0 = Debug|Any CPU
		{7F9AAA36-0B0F-442C-A1F0-5A1B50FC0FD4}.Release|Any CPU.ActiveCfg = Release|Any CPU
		{7F9AAA36-0B0F-442C-A1F0-5A1B50FC0FD4}.Release|Any CPU.Build.0 = Release|Any CPU
		{6F70ADB0-A232-4F8E-A460-990CA7BAF5F5}.Debug|Any CPU.ActiveCfg = Debug|Any CPU
		{6F70ADB0-A232-4F8E-A460-990CA7BAF5F5}.Debug|Any CPU.Build.0 = Debug|Any CPU
		{6F70ADB0-A232-4F8E-A460-990CA7BAF5F5}.Release|Any CPU.ActiveCfg = Release|Any CPU
		{6F70ADB0-A232-4F8E-A460-990CA7BAF5F5}.Release|Any CPU.Build.0 = Release|Any CPU
	EndGlobalSection
	GlobalSection(SolutionProperties) = preSolution
		HideSolutionNode = FALSE
	EndGlobalSection
	GlobalSection(ExtensibilityGlobals) = postSolution
		SolutionGuid = {09785F32-195B-46D0-9D90-EDB045482687}
	EndGlobalSection
EndGlobal
